
Microsoft Visual Studio Solution File, Format Version 12.00
# Visual Studio Version 16
VisualStudioVersion = 25.0.1706.14
MinimumVisualStudioVersion = 10.0.40219.1
Project("{FAE04EC0-301F-11D3-BF4B-00C04F79EFBC}") = "Algorithms & Problem Solving Level 3", "Algorithms & Problem Solving Level 3\Algorithms & Problem Solving Level 3.csproj", "{E9699608-8BEB-4722-9DDB-B03F9C825176}"
EndProject
Project("{FAE04EC0-301F-11D3-BF4B-00C04F79EFBC}") = "3X3 Random Matrix", "3X3 Random Matrix\3X3 Random Matrix.csproj", "{EAB19C3E-4E0C-4466-AC7B-FFB9C70CBE60}"
EndProject
Project("{FAE04EC0-301F-11D3-BF4B-00C04F79EFBC}") = "Sum Each Row in Matrix", "Sum Each Row in Matrix\Sum Each Row in Matrix.csproj", "{960A5BA5-FAF0-4067-9FD7-035666320397}"
EndProject
Project("{FAE04EC0-301F-11D3-BF4B-00C04F79EFBC}") = "Sum Each Row in Matrix in Array", "Sum Each Row in Matrix in Array\Sum Each Row in Matrix in Array.csproj", "{0FCF8E1A-074B-4DBE-A146-E3D1099FDF8D}"
EndProject
Project("{FAE04EC0-301F-11D3-BF4B-00C04F79EFBC}") = "Sum Each Column in Matrix", "Sum Each Column in Matrix\Sum Each Column in Matrix.csproj", "{C9CFBEB9-E9A5-4D7F-8F27-1E4E49377BF9}"
EndProject
Project("{FAE04EC0-301F-11D3-BF4B-00C04F79EFBC}") = "Sum Each Column in Matrix in Array", "Sum Each Column in Matrix in Array\Sum Each Column in Matrix in Array.csproj", "{7907114E-95DC-45D8-900C-749AEECF59D8}"
EndProject
Project("{FAE04EC0-301F-11D3-BF4B-00C04F79EFBC}") = "3x3 Ordered matrix", "3x3 Ordered matrix\3x3 Ordered matrix.csproj", "{6D4A0F14-DAA4-4685-88E4-741223B7B314}"
EndProject
Project("{FAE04EC0-301F-11D3-BF4B-00C04F79EFBC}") = "Transpose Matrix", "Transpose Matrix\Transpose Matrix.csproj", "{22667E46-37D5-4055-8BDF-57FD423A7342}"
EndProject
Project("{FAE04EC0-301F-11D3-BF4B-00C04F79EFBC}") = "Multiply Two Matrices", "Multiply Two Matrices\Multiply Two Matrices.csproj", "{2C1A37F7-76CE-4F65-BEB5-E499C55563B3}"
EndProject
Project("{FAE04EC0-301F-11D3-BF4B-00C04F79EFBC}") = "Print Middle Row an Column of Matrix", "Print Middle Row an Column of Matrix\Print Middle Row an Column of Matrix.csproj", "{36102689-8971-4D7A-87D3-1016235B5E4F}"
EndProject
Global
	GlobalSection(SolutionConfigurationPlatforms) = preSolution
		Debug|Any CPU = Debug|Any CPU
		Release|Any CPU = Release|Any CPU
	EndGlobalSection
	GlobalSection(ProjectConfigurationPlatforms) = postSolution
		{E9699608-8BEB-4722-9DDB-B03F9C825176}.Debug|Any CPU.ActiveCfg = Debug|Any CPU
		{E9699608-8BEB-4722-9DDB-B03F9C825176}.Debug|Any CPU.Build.0 = Debug|Any CPU
		{E9699608-8BEB-4722-9DDB-B03F9C825176}.Release|Any CPU.ActiveCfg = Release|Any CPU
		{E9699608-8BEB-4722-9DDB-B03F9C825176}.Release|Any CPU.Build.0 = Release|Any CPU
		{EAB19C3E-4E0C-4466-AC7B-FFB9C70CBE60}.Debug|Any CPU.ActiveCfg = Debug|Any CPU
		{EAB19C3E-4E0C-4466-AC7B-FFB9C70CBE60}.Debug|Any CPU.Build.0 = Debug|Any CPU
		{EAB19C3E-4E0C-4466-AC7B-FFB9C70CBE60}.Release|Any CPU.ActiveCfg = Release|Any CPU
		{EAB19C3E-4E0C-4466-AC7B-FFB9C70CBE60}.Release|Any CPU.Build.0 = Release|Any CPU
		{960A5BA5-FAF0-4067-9FD7-035666320397}.Debug|Any CPU.ActiveCfg = Debug|Any CPU
		{960A5BA5-FAF0-4067-9FD7-035666320397}.Debug|Any CPU.Build.0 = Debug|Any CPU
		{960A5BA5-FAF0-4067-9FD7-035666320397}.Release|Any CPU.ActiveCfg = Release|Any CPU
		{960A5BA5-FAF0-4067-9FD7-035666320397}.Release|Any CPU.Build.0 = Release|Any CPU
		{0FCF8E1A-074B-4DBE-A146-E3D1099FDF8D}.Debug|Any CPU.ActiveCfg = Debug|Any CPU
		{0FCF8E1A-074B-4DBE-A146-E3D1099FDF8D}.Debug|Any CPU.Build.0 = Debug|Any CPU
		{0FCF8E1A-074B-4DBE-A146-E3D1099FDF8D}.Release|Any CPU.ActiveCfg = Release|Any CPU
		{0FCF8E1A-074B-4DBE-A146-E3D1099FDF8D}.Release|Any CPU.Build.0 = Release|Any CPU
		{C9CFBEB9-E9A5-4D7F-8F27-1E4E49377BF9}.Debug|Any CPU.ActiveCfg = Debug|Any CPU
		{C9CFBEB9-E9A5-4D7F-8F27-1E4E49377BF9}.Debug|Any CPU.Build.0 = Debug|Any CPU
		{C9CFBEB9-E9A5-4D7F-8F27-1E4E49377BF9}.Release|Any CPU.ActiveCfg = Release|Any CPU
		{C9CFBEB9-E9A5-4D7F-8F27-1E4E49377BF9}.Release|Any CPU.Build.0 = Release|Any CPU
		{7907114E-95DC-45D8-900C-749AEECF59D8}.Debug|Any CPU.ActiveCfg = Debug|Any CPU
		{7907114E-95DC-45D8-900C-749AEECF59D8}.Debug|Any CPU.Build.0 = Debug|Any CPU
		{7907114E-95DC-45D8-900C-749AEECF59D8}.Release|Any CPU.ActiveCfg = Release|Any CPU
		{7907114E-95DC-45D8-900C-749AEECF59D8}.Release|Any CPU.Build.0 = Release|Any CPU
		{6D4A0F14-DAA4-4685-88E4-741223B7B314}.Debug|Any CPU.ActiveCfg = Debug|Any CPU
		{6D4A0F14-DAA4-4685-88E4-741223B7B314}.Debug|Any CPU.Build.0 = Debug|Any CPU
		{6D4A0F14-DAA4-4685-88E4-741223B7B314}.Release|Any CPU.ActiveCfg = Release|Any CPU
		{6D4A0F14-DAA4-4685-88E4-741223B7B314}.Release|Any CPU.Build.0 = Release|Any CPU
		{22667E46-37D5-4055-8BDF-57FD423A7342}.Debug|Any CPU.ActiveCfg = Debug|Any CPU
		{22667E46-37D5-4055-8BDF-57FD423A7342}.Debug|Any CPU.Build.0 = Debug|Any CPU
		{22667E46-37D5-4055-8BDF-57FD423A7342}.Release|Any CPU.ActiveCfg = Release|Any CPU
		{22667E46-37D5-4055-8BDF-57FD423A7342}.Release|Any CPU.Build.0 = Release|Any CPU
		{2C1A37F7-76CE-4F65-BEB5-E499C55563B3}.Debug|Any CPU.ActiveCfg = Debug|Any CPU
		{2C1A37F7-76CE-4F65-BEB5-E499C55563B3}.Debug|Any CPU.Build.0 = Debug|Any CPU
		{2C1A37F7-76CE-4F65-BEB5-E499C55563B3}.Release|Any CPU.ActiveCfg = Release|Any CPU
		{2C1A37F7-76CE-4F65-BEB5-E499C55563B3}.Release|Any CPU.Build.0 = Release|Any CPU
		{36102689-8971-4D7A-87D3-1016235B5E4F}.Debug|Any CPU.ActiveCfg = Debug|Any CPU
		{36102689-8971-4D7A-87D3-1016235B5E4F}.Debug|Any CPU.Build.0 = Debug|Any CPU
		{36102689-8971-4D7A-87D3-1016235B5E4F}.Release|Any CPU.ActiveCfg = Release|Any CPU
		{36102689-8971-4D7A-87D3-1016235B5E4F}.Release|Any CPU.Build.0 = Release|Any CPU
	EndGlobalSection
	GlobalSection(SolutionProperties) = preSolution
		HideSolutionNode = FALSE
	EndGlobalSection
	GlobalSection(ExtensibilityGlobals) = postSolution
		SolutionGuid = {41190686-7590-4ACF-9B6D-1DABF0327D7D}
	EndGlobalSection
EndGlobal
